
Microsoft Visual Studio Solution File, Format Version 12.00
# Visual Studio 15
VisualStudioVersion = 15.0.27004.2005
MinimumVisualStudioVersion = 10.0.40219.1
Project("{9A19103F-16F7-4668-BE54-9A1E7A4F7556}") = "cloo_netstandard", "cloo_netstandard\cloo_netstandard.csproj", "{4B74734C-FCC4-4756-9A97-04CAE6E8895B}"
EndProject
Project("{2150E333-8FDC-42A3-9474-1A3956D46DE8}") = "Documents", "Documents", "{6377D6CF-26A0-4233-BFDB-C41F132366CD}"
	ProjectSection(SolutionItems) = preProject
		Documentation\Changelog.txt = Documentation\Changelog.txt
		Documentation\License.txt = Documentation\License.txt
		Documentation\Readme.txt = Documentation\Readme.txt
		Documentation\ReleaseNotes.txt = Documentation\ReleaseNotes.txt
		Documentation\Supported.txt = Documentation\Supported.txt
	EndProjectSection
EndProject
Project("{9A19103F-16F7-4668-BE54-9A1E7A4F7556}") = "demo", "demo\demo.csproj", "{C5B41A2C-FE22-49CC-AF98-9BB4A4EDE6E2}"
EndProject
Project("{FAE04EC0-301F-11D3-BF4B-00C04F79EFBC}") = "demo.netframework", "demo.netframework\demo.netframework.csproj", "{FAB59152-23F8-4751-8018-20432076C53D}"
EndProject
Project("{2150E333-8FDC-42A3-9474-1A3956D46DE8}") = "CLS", "CLS", "{2A7E8599-B736-49F2-9F15-F6159F71371E}"
	ProjectSection(SolutionItems) = preProject
		demo\demos\cls\gaussianblur.cl = demo\demos\cls\gaussianblur.cl
		demo\demos\cls\matrix_mul.cl = demo\demos\cls\matrix_mul.cl
	EndProjectSection
EndProject
Global
	GlobalSection(SolutionConfigurationPlatforms) = preSolution
		Debug|Any CPU = Debug|Any CPU
		Release|Any CPU = Release|Any CPU
	EndGlobalSection
	GlobalSection(ProjectConfigurationPlatforms) = postSolution
		{4B74734C-FCC4-4756-9A97-04CAE6E8895B}.Debug|Any CPU.ActiveCfg = Debug|Any CPU
		{4B74734C-FCC4-4756-9A97-04CAE6E8895B}.Debug|Any CPU.Build.0 = Debug|Any CPU
		{4B74734C-FCC4-4756-9A97-04CAE6E8895B}.Release|Any CPU.ActiveCfg = Release|Any CPU
		{4B74734C-FCC4-4756-9A97-04CAE6E8895B}.Release|Any CPU.Build.0 = Release|Any CPU
		{C5B41A2C-FE22-49CC-AF98-9BB4A4EDE6E2}.Debug|Any CPU.ActiveCfg = Debug|Any CPU
		{C5B41A2C-FE22-49CC-AF98-9BB4A4EDE6E2}.Debug|Any CPU.Build.0 = Debug|Any CPU
		{C5B41A2C-FE22-49CC-AF98-9BB4A4EDE6E2}.Release|Any CPU.ActiveCfg = Release|Any CPU
		{C5B41A2C-FE22-49CC-AF98-9BB4A4EDE6E2}.Release|Any CPU.Build.0 = Release|Any CPU
		{FAB59152-23F8-4751-8018-20432076C53D}.Debug|Any CPU.ActiveCfg = Debug|Any CPU
		{FAB59152-23F8-4751-8018-20432076C53D}.Debug|Any CPU.Build.0 = Debug|Any CPU
		{FAB59152-23F8-4751-8018-20432076C53D}.Release|Any CPU.ActiveCfg = Release|Any CPU
		{FAB59152-23F8-4751-8018-20432076C53D}.Release|Any CPU.Build.0 = Release|Any CPU
	EndGlobalSection
	GlobalSection(SolutionProperties) = preSolution
		HideSolutionNode = FALSE
	EndGlobalSection
	GlobalSection(ExtensibilityGlobals) = postSolution
		SolutionGuid = {7715F3B7-38EE-4E04-8D1A-4311528ECCB3}
	EndGlobalSection
EndGlobal
